
Microsoft Visual Studio Solution File, Format Version 12.00
# Visual Studio Version 17
VisualStudioVersion = 17.9.34622.214
MinimumVisualStudioVersion = 10.0.40219.1
Project("{FAE04EC0-301F-11D3-BF4B-00C04F79EFBC}") = "Week8EpicGame", "Week8EpicGame\Week8EpicGame.csproj", "{52A1EE87-28B7-48DF-A7B1-6D7AF6ACEEEA}"
EndProject
Global
	GlobalSection(SolutionConfigurationPlatforms) = preSolution
		Debug|Any CPU = Debug|Any CPU
		Release|Any CPU = Release|Any CPU
	EndGlobalSection
	GlobalSection(ProjectConfigurationPlatforms) = postSolution
		{52A1EE87-28B7-48DF-A7B1-6D7AF6ACEEEA}.Debug|Any CPU.ActiveCfg = Debug|Any CPU
		{52A1EE87-28B7-48DF-A7B1-6D7AF6ACEEEA}.Debug|Any CPU.Build.0 = Debug|Any CPU
		{52A1EE87-28B7-48DF-A7B1-6D7AF6ACEEEA}.Release|Any CPU.ActiveCfg = Release|Any CPU
		{52A1EE87-28B7-48DF-A7B1-6D7AF6ACEEEA}.Release|Any CPU.Build.0 = Release|Any CPU
	EndGlobalSection
	GlobalSection(SolutionProperties) = preSolution
		HideSolutionNode = FALSE
	EndGlobalSection
	GlobalSection(ExtensibilityGlobals) = postSolution
		SolutionGuid = {F58EB032-028B-4ABF-AADD-F9E0B46C0250}
	EndGlobalSection
EndGlobal
